{
    "_meta": {
        "hash": {
            "sha256": "aac31d6aae462cc05b8eed568de9baa5dee632d25c35dd36f624e47dceb390aa"
        },
        "pipfile-spec": 6,
        "requires": {
            "python_version": "3.10"
        },
        "sources": [
            {
                "name": "pypi",
                "url": "https://pypi.org/simple",
                "verify_ssl": true
            }
        ]
    },
    "default": {
        "pyqt5": {
            "hashes": [
                "sha256:08694f0a4c7d4f3d36b2311b1920e6283240ad3b7c09b515e08262e195dcdf37",
                "sha256:1a793748c60d5aff3850b7abf84d47c1d41edb11231b7d7c16bef602c36be643",
                "sha256:232fe5b135a095cbd024cf341d928fc672c963f88e6a52b0c605be8177c2fdb5",
                "sha256:755121a52b3a08cb07275c10ebb96576d36e320e572591db16cfdbc558101594",
                "sha256:e319c9d8639e0729235c1b09c99afdadad96fa3dbd8392ab561b5ab5946ee6ef"
            ],
            "index": "pypi",
            "version": "==5.15.7"
        },
        "pyqt5-qt5": {
            "hashes": [
                "sha256:1988f364ec8caf87a6ee5d5a3a5210d57539988bf8e84714c7d60972692e2f4a",
                "sha256:750b78e4dba6bdf1607febedc08738e318ea09e9b10aea9ff0d73073f11f6962",
                "sha256:76980cd3d7ae87e3c7a33bfebfaee84448fd650bad6840471d6cae199b56e154",
                "sha256:9cc7a768b1921f4b982ebc00a318ccb38578e44e45316c7a4a850e953e1dd327"
            ],
            "version": "==5.15.2"
        },
        "pyqt5-sip": {
            "hashes": [
                "sha256:0f77655c62ec91d47c2c99143f248624d44dd2d8a12d016e7c020508ad418aca",
                "sha256:205f3e1b3eea3597d8e878936c1a06e04bd23a59e8b179ee806465d72eea3071",
                "sha256:3126c84568ab341c12e46ded2230f62a9a78752a70fdab13713f89a71cd44f73",
                "sha256:4031547dfb679be309094bfa79254f5badc5ddbe66b9ad38e319d84a7d612443",
                "sha256:42320e7a94b1085ed85d49794ed4ccfe86f1cae80b44a894db908a8aba2bc60e",
                "sha256:43dfe6dd409e713edeb67019b85419a7a0dc9923bfc451d6cf3778471c122532",
                "sha256:4e5c1559311515291ea0ab0635529f14536954e3b973a7c7890ab7e4de1c2c23",
                "sha256:51e377789d59196213eddf458e6927f33ba9d217b614d17d20df16c9a8b2c41c",
                "sha256:686071be054e5be6ca5aaaef7960931d4ba917277e839e2e978c7cbe3f43bb6e",
                "sha256:9356260d4feb60dbac0ab66f8a791a0d2cda1bf98c9dec8e575904a045fbf7c5",
                "sha256:9bca450c5306890cb002fe36bbca18f979dd9e5b810b766dce8e3ce5e66ba795",
                "sha256:ad21ca0ee8cae2a41b61fc04949dccfab6fe008749627d94e8c7078cb7a73af1",
                "sha256:afa4ffffc54e306669bf2b66ea37abbc56c5cdda4f3f474d20324e3634302b12",
                "sha256:b4710fd85b57edef716cc55fae45bfd5bfac6fc7ba91036f1dcc3f331ca0eb39",
                "sha256:b69a1911f768b489846335e31e49eb34795c6b5a038ca24d894d751e3b0b44da",
                "sha256:bd733667098cac70e89279d9c239106d543fb480def62a44e6366ccb8f68510b",
                "sha256:d12b81c3a08abf7657a2ebc7d3649852a1f327eb2146ebadf45930486d32e920",
                "sha256:ec1d8ce50be76c5c1d1c86c6dc0ccacc2446172dde98b663a17871f532f9bd44",
                "sha256:ec5e9ef78852e1f96f86d7e15c9215878422b83dde36d44f1539a3062942f19c",
                "sha256:f1f9e312ff8284d6dfebc5366f6f7d103f84eec23a4da0be0482403933e68660",
                "sha256:f6b72035da4e8fecbb0bc4a972e30a5674a9ad5608dbddaa517e983782dbf3bf"
            ],
            "markers": "python_version >= '3.7'",
            "version": "==12.11.0"
        },
        "pyqt6": {
            "hashes": [
                "sha256:37e399420866fff5c5bd49f56710dffd3a7a126afc6612b877d666f381bd554f",
                "sha256:79d093ce97010eac92e83a4e8efe231328af9ec757ba78c77e46ca1e007eca0d",
                "sha256:8e614cc4b95dec8bec8ba3c3eaf821058b45862e66d69a8c4fb5576123f2be98",
                "sha256:91392469be1f491905fa9e78fa4e4059a89ab616ddf2ecfd525bc1d65c26bb93"
            ],
            "index": "pypi",
            "version": "==6.4.0"
        },
        "pyqt6-qt6": {
            "hashes": [
                "sha256:0de4aebdc469c61a36d43b868f4b45d89bb94aaf13779ed5c0080da4b416997c",
                "sha256:31a4557fed53e96feedae46624e420bafd261c0c01d92a1a1aad2c1646144f56",
                "sha256:791e9f0115bdc9ff22bf807b573393f2b9f7e2d1f07fc2d8351350ca141ebaf1",
                "sha256:b47087932f10cc39dab63cd0d2d23d7e3e204547c5e6559adfe58d665fa8ee4f"
            ],
            "version": "==6.4.1"
        },
        "pyqt6-sip": {
            "hashes": [
                "sha256:2694ae67811cefb6ea3ee0e9995755b45e4952f4dcadec8c04300fd828f91c75",
                "sha256:3486914137f5336cff6e10a5e9d52c1e60ff883473938b45f267f794daeacb2f",
                "sha256:3ac7e0800180202dcc0c7035ff88c2a6f4a0f5acb20c4a19f71d807d0f7857b7",
                "sha256:3de18c4a32f717a351d560a39f528af24077f5135aacfa8890a2f2d79f0633da",
                "sha256:6d87a3ee5872d7511b76957d68a32109352caf3b7a42a01d9ee20032b350d979",
                "sha256:77af9c7e3f50414ec5af9b1534aaf2ba25115ae65aa5ed735111c8ef0884b862",
                "sha256:802b0cfed19900183220c46895c2635f0dd062f2d275a25506423f911ef74db4",
                "sha256:83b446d247a92d119d507dbc94fc1f47389d8118a5b6232a2859951157319a30",
                "sha256:9c5231536e6153071b22175e46e368045fd08d772a90d772a0977d1166c7822c",
                "sha256:9e03c780846fd5d71c06e33322fd11a05713d9cd410e3571d069ac9a84077647",
                "sha256:bb4f2e2fdcf3a8dafe4256750bbedd9e7107c4fd8afa9c25be28423c36bb12b8",
                "sha256:cfdcd43e123bd55c155cfe7a33895033e6d25de90a48ed9c25a0ddd0196a810e",
                "sha256:d51704d50b82713fd7c928b7deb31e17be239ddac74fc2fd708e52bd21ecea3a",
                "sha256:de601187055d684b36ebe6e800a5deacaa55b69d71ad43312b76422cfeae0e12",
                "sha256:e3b17308ca729bcb6d25c01144c6b2e17d40812231c3ef9caaa72a78db2b1069",
                "sha256:fd2df2a9479b8ac858117bd55dc0ec0bd1ce6c8f3486b0cc5e860c0540a8bba0"
            ],
            "markers": "python_version >= '3.7'",
            "version": "==13.4.0"
        }
    },
    "develop": {}
}
